
Microsoft Visual Studio Solution File, Format Version 12.00
# Visual Studio Version 17
VisualStudioVersion = 17.7.34202.233
MinimumVisualStudioVersion = 10.0.40219.1
Project("{FAE04EC0-301F-11D3-BF4B-00C04F79EFBC}") = "SampleBackendApp", "SampleBackendApp.csproj", "{1E75E75E-52DF-44E0-89FB-F9BDF6329D54}"
EndProject
Global
	GlobalSection(SolutionConfigurationPlatforms) = preSolution
		Debug|Any CPU = Debug|Any CPU
		Release|Any CPU = Release|Any CPU
	EndGlobalSection
	GlobalSection(ProjectConfigurationPlatforms) = postSolution
		{1E75E75E-52DF-44E0-89FB-F9BDF6329D54}.Debug|Any CPU.ActiveCfg = Debug|Any CPU
		{1E75E75E-52DF-44E0-89FB-F9BDF6329D54}.Debug|Any CPU.Build.0 = Debug|Any CPU
		{1E75E75E-52DF-44E0-89FB-F9BDF6329D54}.Release|Any CPU.ActiveCfg = Release|Any CPU
		{1E75E75E-52DF-44E0-89FB-F9BDF6329D54}.Release|Any CPU.Build.0 = Release|Any CPU
	EndGlobalSection
	GlobalSection(SolutionProperties) = preSolution
		HideSolutionNode = FALSE
	EndGlobalSection
	GlobalSection(ExtensibilityGlobals) = postSolution
		SolutionGuid = {F8E0BF2C-F204-4196-A896-A2401F6EBC24}
	EndGlobalSection
EndGlobal
